
Microsoft Visual Studio Solution File, Format Version 12.00
# Visual Studio Version 17
VisualStudioVersion = 17.10.35122.118
MinimumVisualStudioVersion = 10.0.40219.1
Project("{FAE04EC0-301F-11D3-BF4B-00C04F79EFBC}") = "RabbitMQ.Publisher", "RabbitMQ.Publisher\RabbitMQ.Publisher.csproj", "{9F73519A-1427-42AA-A41D-B9A1D1C5EEB7}"
EndProject
Project("{FAE04EC0-301F-11D3-BF4B-00C04F79EFBC}") = "RabbitMQ.Subscriber", "RabbitMQ.Subscriber\RabbitMQ.Subscriber.csproj", "{3809CE8C-F161-4F64-8574-776C64D1BABC}"
EndProject
Global
	GlobalSection(SolutionConfigurationPlatforms) = preSolution
		Debug|Any CPU = Debug|Any CPU
		Release|Any CPU = Release|Any CPU
	EndGlobalSection
	GlobalSection(ProjectConfigurationPlatforms) = postSolution
		{9F73519A-1427-42AA-A41D-B9A1D1C5EEB7}.Debug|Any CPU.ActiveCfg = Debug|Any CPU
		{9F73519A-1427-42AA-A41D-B9A1D1C5EEB7}.Debug|Any CPU.Build.0 = Debug|Any CPU
		{9F73519A-1427-42AA-A41D-B9A1D1C5EEB7}.Release|Any CPU.ActiveCfg = Release|Any CPU
		{9F73519A-1427-42AA-A41D-B9A1D1C5EEB7}.Release|Any CPU.Build.0 = Release|Any CPU
		{3809CE8C-F161-4F64-8574-776C64D1BABC}.Debug|Any CPU.ActiveCfg = Debug|Any CPU
		{3809CE8C-F161-4F64-8574-776C64D1BABC}.Debug|Any CPU.Build.0 = Debug|Any CPU
		{3809CE8C-F161-4F64-8574-776C64D1BABC}.Release|Any CPU.ActiveCfg = Release|Any CPU
		{3809CE8C-F161-4F64-8574-776C64D1BABC}.Release|Any CPU.Build.0 = Release|Any CPU
	EndGlobalSection
	GlobalSection(SolutionProperties) = preSolution
		HideSolutionNode = FALSE
	EndGlobalSection
	GlobalSection(ExtensibilityGlobals) = postSolution
		SolutionGuid = {FFB5E953-8F00-4674-BB1D-8F81DA8BAEA1}
	EndGlobalSection
EndGlobal
